# THIS IS AN AUTOGENERATED FILE. DO NOT EDIT THIS FILE DIRECTLY.
# yarn lockfile v1


"@napi-rs/triples@^1.0.3":
  version "1.0.3"
  resolved "https://registry.npmjs.org/@napi-rs/triples/-/triples-1.0.3.tgz#76d6d0c3f4d16013c61e45dfca5ff1e6c31ae53c"
  integrity sha512-jDJTpta+P4p1NZTFVLHJ/TLFVYVcOqv6l8xwOeBKNPMgY/zDYH/YH7SJbvrr/h1RcS9GzbPcLKGzpuK9cV56UA==

"@node-rs/helper@^1.0.0":
  version "1.2.1"
  resolved "https://registry.npmjs.org/@node-rs/helper/-/helper-1.2.1.tgz#e079b05f21ff4329d82c4e1f71c0290e4ecdc70c"
  integrity sha512-R5wEmm8nbuQU0YGGmYVjEc0OHtYsuXdpRG+Ut/3wZ9XAvQWyThN08bTh2cBJgoZxHQUPtvRfeQuxcAgLuiBISg==
  dependencies:
    "@napi-rs/triples" "^1.0.3"

"@swc/core-android-arm64@^1.2.66":
  version "1.2.66"
  resolved "https://registry.npmjs.org/@swc/core-android-arm64/-/core-android-arm64-1.2.66.tgz#ce45abb2220684739616443d2c455ba0b8713e1d"
  integrity sha512-qSc+wvqeHh+rjyJDBZSXQI2VCJ9xHPZpZk9fehvgcYmsPHkcjtUt6lwj6SIFdkklasw4p1Jq7vMQzAdegUa9VQ==

"@swc/core-darwin-arm64@^1.2.66":
  version "1.2.66"
  resolved "https://registry.npmjs.org/@swc/core-darwin-arm64/-/core-darwin-arm64-1.2.66.tgz#804d10c5ccaa359a48eb02047c91f029bdc0618a"
  integrity sha512-ij0vh+HJJRggN6zwY/WQ1BaQHit+w/VbdHjM+nzYtzASpSiN3+jvb6XeON5bKLxnDGPvuKsk4Bgg1k5ib9oTxQ==

"@swc/core-darwin-x64@^1.2.66":
  version "1.2.66"
  resolved "https://registry.npmjs.org/@swc/core-darwin-x64/-/core-darwin-x64-1.2.66.tgz#47dbe1b8b5ceb145267a419ebaedc9e260ded5fc"
  integrity sha512-TvxV/ntjdwsUdvhuvIG53kZUtrMcBGAwqYNveuk24fjytZqtV0UC6TfHw+iUd+DeAm+4wLIgyZIatlyxqmm3TQ==

"@swc/core-freebsd-x64@^1.2.66":
  version "1.2.66"
  resolved "https://registry.npmjs.org/@swc/core-freebsd-x64/-/core-freebsd-x64-1.2.66.tgz#609b68a9612e92cb7d86ff6f98da5a46103c204f"
  integrity sha512-5D/MBbnOU4NCpG9UyYJCkqOKH0+hPX9T/x8GqQbPy9BBBYQLey42ISyvx33HgD2XTVy8cnLr3vFrhLnWmoFy1A==

"@swc/core-linux-arm-gnueabihf@^1.2.66":
  version "1.2.66"
  resolved "https://registry.npmjs.org/@swc/core-linux-arm-gnueabihf/-/core-linux-arm-gnueabihf-1.2.66.tgz#df4242f842f096ac4cc581099ae86db517070e91"
  integrity sha512-aWPdEGAkDUJ326BzK5f26hq6Ra2MMzwe2saJW6xjkefbJn0CFtpGX/koFmqpL6ewRlkOQlKcjvN+3ndjtmQEhw==

"@swc/core-linux-arm64-gnu@^1.2.66":
  version "1.2.66"
  resolved "https://registry.npmjs.org/@swc/core-linux-arm64-gnu/-/core-linux-arm64-gnu-1.2.66.tgz#3b62f0f9d1af1e549a98480609a85c39bc797941"
  integrity sha512-Jc5ePO2zsvFgFp5myesOTcRxOb/SVwJvDDDGrilyE+5Ou9iACfYRwFk/2E9P6FK3t5KnZbRMPLJVIoPQ0mm10A==

"@swc/core-linux-arm64-musl@^1.2.66":
  version "1.2.66"
  resolved "https://registry.npmjs.org/@swc/core-linux-arm64-musl/-/core-linux-arm64-musl-1.2.66.tgz#272e2ad543308936f46de07a349931844700470e"
  integrity sha512-S/3jriGPYipACxGdgo2tEjr9J3ZRk2K8nsyQQRwsDofr1P5PTN9coGWpSX+/YdbJa1bYo0CCLpdaeJIDiP/bng==

"@swc/core-linux-x64-gnu@^1.2.66":
  version "1.2.66"
  resolved "https://registry.npmjs.org/@swc/core-linux-x64-gnu/-/core-linux-x64-gnu-1.2.66.tgz#79825533b43f3938985a1846b4bbd22b19f3b92a"
  integrity sha512-nk+saTGX4LoVl1m5rIaDJZ/zdr7lqxtQ2ab/cAk158Bpix1W+YaWTM14YojVurE0h8U6OmNYBQd1gB9wm+eTHQ==

"@swc/core-linux-x64-musl@^1.2.66":
  version "1.2.66"
  resolved "https://registry.npmjs.org/@swc/core-linux-x64-musl/-/core-linux-x64-musl-1.2.66.tgz#32f89bc35befaca577e2009fe18b37a1e596d6db"
  integrity sha512-LkGwggHPa4v4dn/61AbqWELxTqkLRXSZeFT7TN3fqsJ7fZn5U0G/TvTIODFEw1hz6B4d4OQpvx8NZ9woIrbgFQ==

"@swc/core-win32-arm64-msvc@^1.2.66":
  version "1.2.66"
  resolved "https://registry.npmjs.org/@swc/core-win32-arm64-msvc/-/core-win32-arm64-msvc-1.2.66.tgz#829a5b97a3f3283ddff72534488dbdcc0c5246ce"
  integrity sha512-KYHcBKAIfBC0Sv8QXi2p0xJpY4P1LaVbxUey+m9aQJG+yAq/MPq5emO+leZ34veJHQgw876VTsVTqPcqrMyGTw==

"@swc/core-win32-ia32-msvc@^1.2.66":
  version "1.2.66"
  resolved "https://registry.npmjs.org/@swc/core-win32-ia32-msvc/-/core-win32-ia32-msvc-1.2.66.tgz#ccacda98ec99337075e94e3d1c48df86381ecb7b"
  integrity sha512-+QbC1W245rLOmP6YXJAiizfC28MLol+0w+TFf+n42cQMecjfwZpdmhLCwaJNOfT3sq5F8mY77+rk3KngUaOvfw==

"@swc/core-win32-x64-msvc@^1.2.66":
  version "1.2.66"
  resolved "https://registry.npmjs.org/@swc/core-win32-x64-msvc/-/core-win32-x64-msvc-1.2.66.tgz#71d7e02f929a7dbbe670e8c374d65253b7dd79a9"
  integrity sha512-xnuLSpmgUJ/9KI4O7dIKAhoiWPRjDd0175Fqeltj8o87FQQkskc+c6BS5Lp7XnroWIf/UE6os8sRxt5LbcfSOA==

"@swc/core@^1.2.66":
  version "1.2.66"
  resolved "https://registry.npmjs.org/@swc/core/-/core-1.2.66.tgz#f82409ffadba4a4bc3333b0fd230cbd970a1657e"
  integrity sha512-zwQlgXvpBkDwIXlVBp9VRYm8NoEmFQSpIiDzFrrvTeYKXPOIjDDMDFiFz5k1UEZejR4nCHo1MUyCXaRoykRDqg==
  dependencies:
    "@node-rs/helper" "^1.0.0"
  optionalDependencies:
    "@swc/core-android-arm64" "^1.2.66"
    "@swc/core-darwin-arm64" "^1.2.66"
    "@swc/core-darwin-x64" "^1.2.66"
    "@swc/core-freebsd-x64" "^1.2.66"
    "@swc/core-linux-arm-gnueabihf" "^1.2.66"
    "@swc/core-linux-arm64-gnu" "^1.2.66"
    "@swc/core-linux-arm64-musl" "^1.2.66"
    "@swc/core-linux-x64-gnu" "^1.2.66"
    "@swc/core-linux-x64-musl" "^1.2.66"
    "@swc/core-win32-arm64-msvc" "^1.2.66"
    "@swc/core-win32-ia32-msvc" "^1.2.66"
    "@swc/core-win32-x64-msvc" "^1.2.66"
